
Microsoft Visual Studio Solution File, Format Version 12.00
# Visual Studio 14
VisualStudioVersion = 14.0.25420.1
MinimumVisualStudioVersion = 10.0.40219.1
Project("{8BC9CEB8-8B4A-11D0-8D11-00A0C91BC942}") = "Chapter01", "Chapter01\Chapter01.vcxproj", "{A0E20A9C-5C9E-4B2C-99AC-5B5532C535DF}"
EndProject
Project("{8BC9CEB8-8B4A-11D0-8D11-00A0C91BC942}") = "Chapter02", "Chapter02\Chapter02.vcxproj", "{5B646166-F563-42C6-A42B-A78C1D88B9E3}"
EndProject
Project("{8BC9CEB8-8B4A-11D0-8D11-00A0C91BC942}") = "Chapter03", "Chapter03\Chapter03.vcxproj", "{6AEC5F9B-2DC2-42DF-BC38-067A603FF9B4}"
EndProject
Project("{8BC9CEB8-8B4A-11D0-8D11-00A0C91BC942}") = "Chapter04", "Chapter04\Chapter04.vcxproj", "{0C52F60B-EA3A-4D2C-9895-C67A419806E2}"
EndProject
Project("{8BC9CEB8-8B4A-11D0-8D11-00A0C91BC942}") = "Chapter05", "Chapter05\Chapter05.vcxproj", "{E89548E0-46AD-4FB2-91D2-10F9FD125137}"
EndProject
Project("{8BC9CEB8-8B4A-11D0-8D11-00A0C91BC942}") = "Chapter06", "Chapter06\Chapter06.vcxproj", "{AD9642C5-3747-43A6-A96B-2A90D99DD424}"
EndProject
Project("{8BC9CEB8-8B4A-11D0-8D11-00A0C91BC942}") = "Chapter07", "Chapter07\Chapter07.vcxproj", "{AD41F887-1308-4576-8AA8-039627B7FF7B}"
EndProject
Project("{8BC9CEB8-8B4A-11D0-8D11-00A0C91BC942}") = "Chapter08", "Chapter08\Chapter08.vcxproj", "{6EC14640-ADA5-4DE4-B168-2C1E4F179CA9}"
EndProject
Project("{8BC9CEB8-8B4A-11D0-8D11-00A0C91BC942}") = "Chapter09", "Chapter09\Chapter09.vcxproj", "{EF02A957-2CA3-4102-AF1A-98F731D16B68}"
EndProject
Project("{8BC9CEB8-8B4A-11D0-8D11-00A0C91BC942}") = "Chapter0", "Chapter0\Chapter0.vcxproj", "{8C4DC614-7B38-49E1-93C6-EFC7BD171363}"
EndProject
Project("{8BC9CEB8-8B4A-11D0-8D11-00A0C91BC942}") = "Chapter10", "Chapter10\Chapter10.vcxproj", "{BC135E03-427C-47C2-8BEA-609383907C5D}"
EndProject
Global
	GlobalSection(SolutionConfigurationPlatforms) = preSolution
		Debug|x64 = Debug|x64
		Debug|x86 = Debug|x86
		Release|x64 = Release|x64
		Release|x86 = Release|x86
	EndGlobalSection
	GlobalSection(ProjectConfigurationPlatforms) = postSolution
		{A0E20A9C-5C9E-4B2C-99AC-5B5532C535DF}.Debug|x64.ActiveCfg = Debug|x64
		{A0E20A9C-5C9E-4B2C-99AC-5B5532C535DF}.Debug|x64.Build.0 = Debug|x64
		{A0E20A9C-5C9E-4B2C-99AC-5B5532C535DF}.Debug|x86.ActiveCfg = Debug|Win32
		{A0E20A9C-5C9E-4B2C-99AC-5B5532C535DF}.Debug|x86.Build.0 = Debug|Win32
		{A0E20A9C-5C9E-4B2C-99AC-5B5532C535DF}.Release|x64.ActiveCfg = Release|x64
		{A0E20A9C-5C9E-4B2C-99AC-5B5532C535DF}.Release|x64.Build.0 = Release|x64
		{A0E20A9C-5C9E-4B2C-99AC-5B5532C535DF}.Release|x86.ActiveCfg = Release|Win32
		{A0E20A9C-5C9E-4B2C-99AC-5B5532C535DF}.Release|x86.Build.0 = Release|Win32
		{5B646166-F563-42C6-A42B-A78C1D88B9E3}.Debug|x64.ActiveCfg = Debug|x64
		{5B646166-F563-42C6-A42B-A78C1D88B9E3}.Debug|x64.Build.0 = Debug|x64
		{5B646166-F563-42C6-A42B-A78C1D88B9E3}.Debug|x86.ActiveCfg = Debug|Win32
		{5B646166-F563-42C6-A42B-A78C1D88B9E3}.Debug|x86.Build.0 = Debug|Win32
		{5B646166-F563-42C6-A42B-A78C1D88B9E3}.Release|x64.ActiveCfg = Release|x64
		{5B646166-F563-42C6-A42B-A78C1D88B9E3}.Release|x64.Build.0 = Release|x64
		{5B646166-F563-42C6-A42B-A78C1D88B9E3}.Release|x86.ActiveCfg = Release|Win32
		{5B646166-F563-42C6-A42B-A78C1D88B9E3}.Release|x86.Build.0 = Release|Win32
		{6AEC5F9B-2DC2-42DF-BC38-067A603FF9B4}.Debug|x64.ActiveCfg = Debug|x64
		{6AEC5F9B-2DC2-42DF-BC38-067A603FF9B4}.Debug|x64.Build.0 = Debug|x64
		{6AEC5F9B-2DC2-42DF-BC38-067A603FF9B4}.Debug|x86.ActiveCfg = Debug|Win32
		{6AEC5F9B-2DC2-42DF-BC38-067A603FF9B4}.Debug|x86.Build.0 = Debug|Win32
		{6AEC5F9B-2DC2-42DF-BC38-067A603FF9B4}.Release|x64.ActiveCfg = Release|x64
		{6AEC5F9B-2DC2-42DF-BC38-067A603FF9B4}.Release|x64.Build.0 = Release|x64
		{6AEC5F9B-2DC2-42DF-BC38-067A603FF9B4}.Release|x86.ActiveCfg = Release|Win32
		{6AEC5F9B-2DC2-42DF-BC38-067A603FF9B4}.Release|x86.Build.0 = Release|Win32
		{0C52F60B-EA3A-4D2C-9895-C67A419806E2}.Debug|x64.ActiveCfg = Debug|x64
		{0C52F60B-EA3A-4D2C-9895-C67A419806E2}.Debug|x64.Build.0 = Debug|x64
		{0C52F60B-EA3A-4D2C-9895-C67A419806E2}.Debug|x86.ActiveCfg = Debug|Win32
		{0C52F60B-EA3A-4D2C-9895-C67A419806E2}.Debug|x86.Build.0 = Debug|Win32
		{0C52F60B-EA3A-4D2C-9895-C67A419806E2}.Release|x64.ActiveCfg = Release|x64
		{0C52F60B-EA3A-4D2C-9895-C67A419806E2}.Release|x64.Build.0 = Release|x64
		{0C52F60B-EA3A-4D2C-9895-C67A419806E2}.Release|x86.ActiveCfg = Release|Win32
		{0C52F60B-EA3A-4D2C-9895-C67A419806E2}.Release|x86.Build.0 = Release|Win32
		{E89548E0-46AD-4FB2-91D2-10F9FD125137}.Debug|x64.ActiveCfg = Debug|x64
		{E89548E0-46AD-4FB2-91D2-10F9FD125137}.Debug|x64.Build.0 = Debug|x64
		{E89548E0-46AD-4FB2-91D2-10F9FD125137}.Debug|x86.ActiveCfg = Debug|Win32
		{E89548E0-46AD-4FB2-91D2-10F9FD125137}.Debug|x86.Build.0 = Debug|Win32
		{E89548E0-46AD-4FB2-91D2-10F9FD125137}.Release|x64.ActiveCfg = Release|x64
		{E89548E0-46AD-4FB2-91D2-10F9FD125137}.Release|x64.Build.0 = Release|x64
		{E89548E0-46AD-4FB2-91D2-10F9FD125137}.Release|x86.ActiveCfg = Release|Win32
		{E89548E0-46AD-4FB2-91D2-10F9FD125137}.Release|x86.Build.0 = Release|Win32
		{AD9642C5-3747-43A6-A96B-2A90D99DD424}.Debug|x64.ActiveCfg = Debug|x64
		{AD9642C5-3747-43A6-A96B-2A90D99DD424}.Debug|x64.Build.0 = Debug|x64
		{AD9642C5-3747-43A6-A96B-2A90D99DD424}.Debug|x86.ActiveCfg = Debug|Win32
		{AD9642C5-3747-43A6-A96B-2A90D99DD424}.Debug|x86.Build.0 = Debug|Win32
		{AD9642C5-3747-43A6-A96B-2A90D99DD424}.Release|x64.ActiveCfg = Release|x64
		{AD9642C5-3747-43A6-A96B-2A90D99DD424}.Release|x64.Build.0 = Release|x64
		{AD9642C5-3747-43A6-A96B-2A90D99DD424}.Release|x86.ActiveCfg = Release|Win32
		{AD9642C5-3747-43A6-A96B-2A90D99DD424}.Release|x86.Build.0 = Release|Win32
		{AD41F887-1308-4576-8AA8-039627B7FF7B}.Debug|x64.ActiveCfg = Debug|x64
		{AD41F887-1308-4576-8AA8-039627B7FF7B}.Debug|x64.Build.0 = Debug|x64
		{AD41F887-1308-4576-8AA8-039627B7FF7B}.Debug|x86.ActiveCfg = Debug|Win32
		{AD41F887-1308-4576-8AA8-039627B7FF7B}.Debug|x86.Build.0 = Debug|Win32
		{AD41F887-1308-4576-8AA8-039627B7FF7B}.Release|x64.ActiveCfg = Release|x64
		{AD41F887-1308-4576-8AA8-039627B7FF7B}.Release|x64.Build.0 = Release|x64
		{AD41F887-1308-4576-8AA8-039627B7FF7B}.Release|x86.ActiveCfg = Release|Win32
		{AD41F887-1308-4576-8AA8-039627B7FF7B}.Release|x86.Build.0 = Release|Win32
		{6EC14640-ADA5-4DE4-B168-2C1E4F179CA9}.Debug|x64.ActiveCfg = Debug|x64
		{6EC14640-ADA5-4DE4-B168-2C1E4F179CA9}.Debug|x64.Build.0 = Debug|x64
		{6EC14640-ADA5-4DE4-B168-2C1E4F179CA9}.Debug|x86.ActiveCfg = Debug|Win32
		{6EC14640-ADA5-4DE4-B168-2C1E4F179CA9}.Debug|x86.Build.0 = Debug|Win32
		{6EC14640-ADA5-4DE4-B168-2C1E4F179CA9}.Release|x64.ActiveCfg = Release|x64
		{6EC14640-ADA5-4DE4-B168-2C1E4F179CA9}.Release|x64.Build.0 = Release|x64
		{6EC14640-ADA5-4DE4-B168-2C1E4F179CA9}.Release|x86.ActiveCfg = Release|Win32
		{6EC14640-ADA5-4DE4-B168-2C1E4F179CA9}.Release|x86.Build.0 = Release|Win32
		{EF02A957-2CA3-4102-AF1A-98F731D16B68}.Debug|x64.ActiveCfg = Debug|x64
		{EF02A957-2CA3-4102-AF1A-98F731D16B68}.Debug|x64.Build.0 = Debug|x64
		{EF02A957-2CA3-4102-AF1A-98F731D16B68}.Debug|x86.ActiveCfg = Debug|Win32
		{EF02A957-2CA3-4102-AF1A-98F731D16B68}.Debug|x86.Build.0 = Debug|Win32
		{EF02A957-2CA3-4102-AF1A-98F731D16B68}.Release|x64.ActiveCfg = Release|x64
		{EF02A957-2CA3-4102-AF1A-98F731D16B68}.Release|x64.Build.0 = Release|x64
		{EF02A957-2CA3-4102-AF1A-98F731D16B68}.Release|x86.ActiveCfg = Release|Win32
		{EF02A957-2CA3-4102-AF1A-98F731D16B68}.Release|x86.Build.0 = Release|Win32
		{8C4DC614-7B38-49E1-93C6-EFC7BD171363}.Debug|x64.ActiveCfg = Debug|x64
		{8C4DC614-7B38-49E1-93C6-EFC7BD171363}.Debug|x64.Build.0 = Debug|x64
		{8C4DC614-7B38-49E1-93C6-EFC7BD171363}.Debug|x86.ActiveCfg = Debug|Win32
		{8C4DC614-7B38-49E1-93C6-EFC7BD171363}.Debug|x86.Build.0 = Debug|Win32
		{8C4DC614-7B38-49E1-93C6-EFC7BD171363}.Release|x64.ActiveCfg = Release|x64
		{8C4DC614-7B38-49E1-93C6-EFC7BD171363}.Release|x64.Build.0 = Release|x64
		{8C4DC614-7B38-49E1-93C6-EFC7BD171363}.Release|x86.ActiveCfg = Release|Win32
		{8C4DC614-7B38-49E1-93C6-EFC7BD171363}.Release|x86.Build.0 = Release|Win32
		{BC135E03-427C-47C2-8BEA-609383907C5D}.Debug|x64.ActiveCfg = Debug|x64
		{BC135E03-427C-47C2-8BEA-609383907C5D}.Debug|x64.Build.0 = Debug|x64
		{BC135E03-427C-47C2-8BEA-609383907C5D}.Debug|x86.ActiveCfg = Debug|Win32
		{BC135E03-427C-47C2-8BEA-609383907C5D}.Debug|x86.Build.0 = Debug|Win32
		{BC135E03-427C-47C2-8BEA-609383907C5D}.Release|x64.ActiveCfg = Release|x64
		{BC135E03-427C-47C2-8BEA-609383907C5D}.Release|x64.Build.0 = Release|x64
		{BC135E03-427C-47C2-8BEA-609383907C5D}.Release|x86.ActiveCfg = Release|Win32
		{BC135E03-427C-47C2-8BEA-609383907C5D}.Release|x86.Build.0 = Release|Win32
	EndGlobalSection
	GlobalSection(SolutionProperties) = preSolution
		HideSolutionNode = FALSE
	EndGlobalSection
EndGlobal
